
Microsoft Visual Studio Solution File, Format Version 12.00
# Visual Studio Version 16
VisualStudioVersion = 16.0.31321.278
MinimumVisualStudioVersion = 10.0.40219.1
Project("{9A19103F-16F7-4668-BE54-9A1E7A4F7556}") = "FizzBuzz", "FizzBuzz\FizzBuzz.csproj", "{D9F65B11-9B3B-4061-9367-63FF5FDF5F68}"
EndProject
Project("{FAE04EC0-301F-11D3-BF4B-00C04F79EFBC}") = "FizzBuzzTest", "FizzBuzzTest\FizzBuzzTest.csproj", "{EC996006-EEF8-49D2-BB00-3F7DC7198E68}"
EndProject
Global
	GlobalSection(SolutionConfigurationPlatforms) = preSolution
		Debug|Any CPU = Debug|Any CPU
		Release|Any CPU = Release|Any CPU
	EndGlobalSection
	GlobalSection(ProjectConfigurationPlatforms) = postSolution
		{D9F65B11-9B3B-4061-9367-63FF5FDF5F68}.Debug|Any CPU.ActiveCfg = Debug|Any CPU
		{D9F65B11-9B3B-4061-9367-63FF5FDF5F68}.Debug|Any CPU.Build.0 = Debug|Any CPU
		{D9F65B11-9B3B-4061-9367-63FF5FDF5F68}.Release|Any CPU.ActiveCfg = Release|Any CPU
		{D9F65B11-9B3B-4061-9367-63FF5FDF5F68}.Release|Any CPU.Build.0 = Release|Any CPU
		{EC996006-EEF8-49D2-BB00-3F7DC7198E68}.Debug|Any CPU.ActiveCfg = Debug|Any CPU
		{EC996006-EEF8-49D2-BB00-3F7DC7198E68}.Debug|Any CPU.Build.0 = Debug|Any CPU
		{EC996006-EEF8-49D2-BB00-3F7DC7198E68}.Release|Any CPU.ActiveCfg = Release|Any CPU
		{EC996006-EEF8-49D2-BB00-3F7DC7198E68}.Release|Any CPU.Build.0 = Release|Any CPU
	EndGlobalSection
	GlobalSection(SolutionProperties) = preSolution
		HideSolutionNode = FALSE
	EndGlobalSection
	GlobalSection(ExtensibilityGlobals) = postSolution
		SolutionGuid = {514EE654-B71C-435C-83E2-071C338F319D}
	EndGlobalSection
EndGlobal
